
Microsoft Visual Studio Solution File, Format Version 12.00
# Visual Studio Version 16
VisualStudioVersion = 16.0.29609.76
MinimumVisualStudioVersion = 10.0.40219.1
Project("{9A19103F-16F7-4668-BE54-9A1E7A4F7556}") = "Workflow.Framework", "Workflow.Framework\Workflow.Framework.csproj", "{CCAB7ACA-9752-4F35-A318-7C4DCD8FA3A8}"
EndProject
Project("{9A19103F-16F7-4668-BE54-9A1E7A4F7556}") = "Workflow.Abstractions", "Workflow.Abstractions\Workflow.Abstractions.csproj", "{FD2D7AE7-A386-43DD-A7B4-3E249AF713D5}"
EndProject
Project("{9A19103F-16F7-4668-BE54-9A1E7A4F7556}") = "Workflow.Framework.Model", "Workflow.Framework.Model\Workflow.Framework.Model.csproj", "{FED68879-BEE7-4420-B5E9-BCB4F1665D8F}"
EndProject
Project("{9A19103F-16F7-4668-BE54-9A1E7A4F7556}") = "Workflow.Extensions", "Workflow.Extensions\Workflow.Extensions.csproj", "{FAD7CB31-2C18-417C-89CA-9A460D0E8C8A}"
EndProject
Project("{9A19103F-16F7-4668-BE54-9A1E7A4F7556}") = "Workflow.Extensions.Model", "Workflow.Extensions.Model\Workflow.Extensions.Model.csproj", "{7AE75FEC-A3BC-43BF-A77C-1B70BC8CE4C9}"
EndProject
Project("{9A19103F-16F7-4668-BE54-9A1E7A4F7556}") = "Workflow.CLI", "Workflow.CLI\Workflow.CLI.csproj", "{C98E2317-6854-4276-BBAE-F994F8D5EDB9}"
EndProject
Global
	GlobalSection(SolutionConfigurationPlatforms) = preSolution
		Debug|Any CPU = Debug|Any CPU
		Release|Any CPU = Release|Any CPU
	EndGlobalSection
	GlobalSection(ProjectConfigurationPlatforms) = postSolution
		{CCAB7ACA-9752-4F35-A318-7C4DCD8FA3A8}.Debug|Any CPU.ActiveCfg = Debug|Any CPU
		{CCAB7ACA-9752-4F35-A318-7C4DCD8FA3A8}.Debug|Any CPU.Build.0 = Debug|Any CPU
		{CCAB7ACA-9752-4F35-A318-7C4DCD8FA3A8}.Release|Any CPU.ActiveCfg = Release|Any CPU
		{CCAB7ACA-9752-4F35-A318-7C4DCD8FA3A8}.Release|Any CPU.Build.0 = Release|Any CPU
		{FD2D7AE7-A386-43DD-A7B4-3E249AF713D5}.Debug|Any CPU.ActiveCfg = Debug|Any CPU
		{FD2D7AE7-A386-43DD-A7B4-3E249AF713D5}.Debug|Any CPU.Build.0 = Debug|Any CPU
		{FD2D7AE7-A386-43DD-A7B4-3E249AF713D5}.Release|Any CPU.ActiveCfg = Release|Any CPU
		{FD2D7AE7-A386-43DD-A7B4-3E249AF713D5}.Release|Any CPU.Build.0 = Release|Any CPU
		{FED68879-BEE7-4420-B5E9-BCB4F1665D8F}.Debug|Any CPU.ActiveCfg = Debug|Any CPU
		{FED68879-BEE7-4420-B5E9-BCB4F1665D8F}.Debug|Any CPU.Build.0 = Debug|Any CPU
		{FED68879-BEE7-4420-B5E9-BCB4F1665D8F}.Release|Any CPU.ActiveCfg = Release|Any CPU
		{FED68879-BEE7-4420-B5E9-BCB4F1665D8F}.Release|Any CPU.Build.0 = Release|Any CPU
		{FAD7CB31-2C18-417C-89CA-9A460D0E8C8A}.Debug|Any CPU.ActiveCfg = Debug|Any CPU
		{FAD7CB31-2C18-417C-89CA-9A460D0E8C8A}.Debug|Any CPU.Build.0 = Debug|Any CPU
		{FAD7CB31-2C18-417C-89CA-9A460D0E8C8A}.Release|Any CPU.ActiveCfg = Release|Any CPU
		{FAD7CB31-2C18-417C-89CA-9A460D0E8C8A}.Release|Any CPU.Build.0 = Release|Any CPU
		{7AE75FEC-A3BC-43BF-A77C-1B70BC8CE4C9}.Debug|Any CPU.ActiveCfg = Debug|Any CPU
		{7AE75FEC-A3BC-43BF-A77C-1B70BC8CE4C9}.Debug|Any CPU.Build.0 = Debug|Any CPU
		{7AE75FEC-A3BC-43BF-A77C-1B70BC8CE4C9}.Release|Any CPU.ActiveCfg = Release|Any CPU
		{7AE75FEC-A3BC-43BF-A77C-1B70BC8CE4C9}.Release|Any CPU.Build.0 = Release|Any CPU
		{C98E2317-6854-4276-BBAE-F994F8D5EDB9}.Debug|Any CPU.ActiveCfg = Debug|Any CPU
		{C98E2317-6854-4276-BBAE-F994F8D5EDB9}.Debug|Any CPU.Build.0 = Debug|Any CPU
		{C98E2317-6854-4276-BBAE-F994F8D5EDB9}.Release|Any CPU.ActiveCfg = Release|Any CPU
		{C98E2317-6854-4276-BBAE-F994F8D5EDB9}.Release|Any CPU.Build.0 = Release|Any CPU
	EndGlobalSection
	GlobalSection(SolutionProperties) = preSolution
		HideSolutionNode = FALSE
	EndGlobalSection
	GlobalSection(ExtensibilityGlobals) = postSolution
		SolutionGuid = {A9F14F89-3436-4295-929F-4D82E9E1EA3C}
	EndGlobalSection
EndGlobal
